
Microsoft Visual Studio Solution File, Format Version 12.00
# Visual Studio Version 16
VisualStudioVersion = 16.0.29806.167
MinimumVisualStudioVersion = 10.0.40219.1
Project("{2150E333-8FDC-42A3-9474-1A3956D46DE8}") = "SMRenderer", "SMRenderer", "{B33FB396-A22C-445E-8AC8-3BE3DB0D4AA3}"
EndProject
Project("{FAE04EC0-301F-11D3-BF4B-00C04F79EFBC}") = "TestProject", "TestProject\TestProject.csproj", "{2E62E725-6DFF-4397-962F-ACA50F23C637}"
EndProject
Project("{FAE04EC0-301F-11D3-BF4B-00C04F79EFBC}") = "SMRenderer.Core", "SMRenderer.Core\SMRenderer.Core.csproj", "{1D351CC8-D673-49E9-A016-7AA435531743}"
EndProject
Project("{FAE04EC0-301F-11D3-BF4B-00C04F79EFBC}") = "SMRenderer2D", "SMRenderer2D\SMRenderer2D.csproj", "{B82E9A6A-271A-4DA0-98E3-3DB3C3DB4D70}"
EndProject
Project("{FAE04EC0-301F-11D3-BF4B-00C04F79EFBC}") = "SMRenderer.Base", "SMRenderer.Base\SMRenderer.Base.csproj", "{53081C3E-CCAE-45D4-BEE9-1D8F3BD1BBC4}"
EndProject
Project("{FAE04EC0-301F-11D3-BF4B-00C04F79EFBC}") = "SMRenderer.PostProcessing", "SMRenderer.PostProcessing\SMRenderer.PostProcessing.csproj", "{A827BCA6-7175-4947-B23D-75BCEF50795D}"
EndProject
Global
	GlobalSection(SolutionConfigurationPlatforms) = preSolution
		Debug|Any CPU = Debug|Any CPU
		Release|Any CPU = Release|Any CPU
	EndGlobalSection
	GlobalSection(ProjectConfigurationPlatforms) = postSolution
		{2E62E725-6DFF-4397-962F-ACA50F23C637}.Debug|Any CPU.ActiveCfg = Debug|Any CPU
		{2E62E725-6DFF-4397-962F-ACA50F23C637}.Debug|Any CPU.Build.0 = Debug|Any CPU
		{2E62E725-6DFF-4397-962F-ACA50F23C637}.Release|Any CPU.ActiveCfg = Release|Any CPU
		{2E62E725-6DFF-4397-962F-ACA50F23C637}.Release|Any CPU.Build.0 = Release|Any CPU
		{1D351CC8-D673-49E9-A016-7AA435531743}.Debug|Any CPU.ActiveCfg = Debug|Any CPU
		{1D351CC8-D673-49E9-A016-7AA435531743}.Debug|Any CPU.Build.0 = Debug|Any CPU
		{1D351CC8-D673-49E9-A016-7AA435531743}.Release|Any CPU.ActiveCfg = Release|Any CPU
		{1D351CC8-D673-49E9-A016-7AA435531743}.Release|Any CPU.Build.0 = Release|Any CPU
		{B82E9A6A-271A-4DA0-98E3-3DB3C3DB4D70}.Debug|Any CPU.ActiveCfg = Debug|Any CPU
		{B82E9A6A-271A-4DA0-98E3-3DB3C3DB4D70}.Debug|Any CPU.Build.0 = Debug|Any CPU
		{B82E9A6A-271A-4DA0-98E3-3DB3C3DB4D70}.Release|Any CPU.ActiveCfg = Release|Any CPU
		{B82E9A6A-271A-4DA0-98E3-3DB3C3DB4D70}.Release|Any CPU.Build.0 = Release|Any CPU
		{53081C3E-CCAE-45D4-BEE9-1D8F3BD1BBC4}.Debug|Any CPU.ActiveCfg = Debug|Any CPU
		{53081C3E-CCAE-45D4-BEE9-1D8F3BD1BBC4}.Debug|Any CPU.Build.0 = Debug|Any CPU
		{53081C3E-CCAE-45D4-BEE9-1D8F3BD1BBC4}.Release|Any CPU.ActiveCfg = Release|Any CPU
		{53081C3E-CCAE-45D4-BEE9-1D8F3BD1BBC4}.Release|Any CPU.Build.0 = Release|Any CPU
		{A827BCA6-7175-4947-B23D-75BCEF50795D}.Debug|Any CPU.ActiveCfg = Debug|Any CPU
		{A827BCA6-7175-4947-B23D-75BCEF50795D}.Debug|Any CPU.Build.0 = Debug|Any CPU
		{A827BCA6-7175-4947-B23D-75BCEF50795D}.Release|Any CPU.ActiveCfg = Release|Any CPU
		{A827BCA6-7175-4947-B23D-75BCEF50795D}.Release|Any CPU.Build.0 = Release|Any CPU
	EndGlobalSection
	GlobalSection(SolutionProperties) = preSolution
		HideSolutionNode = FALSE
	EndGlobalSection
	GlobalSection(NestedProjects) = preSolution
		{1D351CC8-D673-49E9-A016-7AA435531743} = {B33FB396-A22C-445E-8AC8-3BE3DB0D4AA3}
		{B82E9A6A-271A-4DA0-98E3-3DB3C3DB4D70} = {B33FB396-A22C-445E-8AC8-3BE3DB0D4AA3}
		{53081C3E-CCAE-45D4-BEE9-1D8F3BD1BBC4} = {B33FB396-A22C-445E-8AC8-3BE3DB0D4AA3}
		{A827BCA6-7175-4947-B23D-75BCEF50795D} = {B33FB396-A22C-445E-8AC8-3BE3DB0D4AA3}
	EndGlobalSection
	GlobalSection(ExtensibilityGlobals) = postSolution
		SolutionGuid = {A1B6B6CC-7F25-4452-B1F6-124285E689C4}
	EndGlobalSection
EndGlobal
